// !$*UTF8*$!
{
	archiveVersion = 1;
	classes = {
	};
	objectVersion = 56;
	objects = {

/* Begin PBXBuildFile section */
		0F49A774898045E1B1179EBE /* WidgetKit.framework in Frameworks */ = {isa = PBXBuildFile; fileRef = C8289B7F67CB539C50E6FBC8 /* WidgetKit.framework */; };
		28B52F81184F57291F14047A /* ClaudeLiveActivity.swift in Sources */ = {isa = PBXBuildFile; fileRef = A461703FFFE9F7CA49FA67B2 /* ClaudeLiveActivity.swift */; };
		2CF18A527B47373806AB9F0B /* ActivityKit.framework in Frameworks */ = {isa = PBXBuildFile; fileRef = 7E8BF6A7EB200358DE15696A /* ActivityKit.framework */; };
		6825FC12A70BFE99D16F89C6 /* TerminalActivityWidget.appex in Embed App Extensions */ = {isa = PBXBuildFile; fileRef = 66F7E7EC3B72669C07EAC8E5 /* TerminalActivityWidget.appex */; settings = {ATTRIBUTES = (RemoveHeadersOnCopy, ); }; };
		86D4BA124BA3A4D1B7803409 /* TerminalActivityWidgetBundle.swift in Sources */ = {isa = PBXBuildFile; fileRef = 1EBBDD64DEF01DE7BE893218 /* TerminalActivityWidgetBundle.swift */; };
		91DC6CAF41899E2D394847FC /* ClaudeActivityAttributes.swift in Sources */ = {isa = PBXBuildFile; fileRef = D0C6F4816DF7EF601C5905A6 /* ClaudeActivityAttributes.swift */; };
		B000B016399FB756EEF492D9 /* SwiftUI.framework in Frameworks */ = {isa = PBXBuildFile; fileRef = DA80679288CCEA790686F8CC /* SwiftUI.framework */; };
		CF8EA68EAE091B02F13E2767 /* Foundation.framework in Frameworks */ = {isa = PBXBuildFile; fileRef = 31527F8F339EE564516A6469 /* Foundation.framework */; };
		E8BA45F9A31B49C6B63A75EC /* ClaudeActivityAttributes.swift in Sources */ = {isa = PBXBuildFile; fileRef = D0C6F4816DF7EF601C5905A6 /* ClaudeActivityAttributes.swift */; };
		TA000001000001 /* TerminalApp.swift in Sources */ = {isa = PBXBuildFile; fileRef = TA000002000001 /* TerminalApp.swift */; };
		TA000001000002 /* TerminalView.swift in Sources */ = {isa = PBXBuildFile; fileRef = TA000002000002 /* TerminalView.swift */; };
		TA000001000003 /* SettingsView.swift in Sources */ = {isa = PBXBuildFile; fileRef = TA000002000003 /* SettingsView.swift */; };
		TA000001000004 /* SSHTerminalService.swift in Sources */ = {isa = PBXBuildFile; fileRef = TA000002000004 /* SSHTerminalService.swift */; };
		TA000001000005 /* Assets.xcassets in Resources */ = {isa = PBXBuildFile; fileRef = TA000002000005 /* Assets.xcassets */; };
		TA000001000006 /* TimSharedKit in Frameworks */ = {isa = PBXBuildFile; productRef = TA00000D000001 /* TimSharedKit */; };
		TA000001000007 /* SwiftTerm in Frameworks */ = {isa = PBXBuildFile; productRef = TA00000D000002 /* SwiftTerm */; };
		TA000001000008 /* NIOSSH in Frameworks */ = {isa = PBXBuildFile; productRef = TA00000D000003 /* NIOSSH */; };
		TA000001000009 /* NIOCore in Frameworks */ = {isa = PBXBuildFile; productRef = TA00000D000004 /* NIOCore */; };
		TA000001000010 /* NIOPosix in Frameworks */ = {isa = PBXBuildFile; productRef = TA00000D000005 /* NIOPosix */; };
		TA000001000011 /* SessionLogsView.swift in Sources */ = {isa = PBXBuildFile; fileRef = TA000002000007 /* SessionLogsView.swift */; };
		TA000001000020 /* MoshTerminalService.swift in Sources */ = {isa = PBXBuildFile; fileRef = TA000002000020 /* MoshTerminalService.swift */; };
		TA000001000021 /* MoshServerLauncher.swift in Sources */ = {isa = PBXBuildFile; fileRef = TA000002000021 /* MoshServerLauncher.swift */; };
		TA000001000022 /* mosh.xcframework in Frameworks */ = {isa = PBXBuildFile; fileRef = TA000002000022 /* mosh.xcframework */; };
		TA000001000023 /* Protobuf_C_.xcframework in Frameworks */ = {isa = PBXBuildFile; fileRef = TA000002000023 /* Protobuf_C_.xcframework */; };
		TA000001000025 /* Protobuf_C_.xcframework in Embed Frameworks */ = {isa = PBXBuildFile; fileRef = TA000002000023 /* Protobuf_C_.xcframework */; settings = {ATTRIBUTES = (CodeSignOnCopy, RemoveHeadersOnCopy, ); }; };
		TA000001000030 /* SplitTerminalView.swift in Sources */ = {isa = PBXBuildFile; fileRef = TA000002000030 /* SplitTerminalView.swift */; };
		TA000001000031 /* SSHCommandRunner.swift in Sources */ = {isa = PBXBuildFile; fileRef = TA000002000031 /* SSHCommandRunner.swift */; };
		TAUIT0000000001 /* TerminalAppUITests.swift in Sources */ = {isa = PBXBuildFile; fileRef = TAUIT0000000002 /* TerminalAppUITests.swift */; };
/* End PBXBuildFile section */

/* Begin PBXContainerItemProxy section */
		61BE5C7726BABF97866FA092 /* PBXContainerItemProxy */ = {
			isa = PBXContainerItemProxy;
			containerPortal = TA000009000001 /* Project object */;
			proxyType = 1;
			remoteGlobalIDString = CDFC5E7997D901E0FE421566;
			remoteInfo = TerminalActivityWidget;
		};
		TAUIT0000000013 /* PBXContainerItemProxy */ = {
			isa = PBXContainerItemProxy;
			containerPortal = TA000009000001 /* Project object */;
			proxyType = 1;
			remoteGlobalIDString = TA000006000001;
			remoteInfo = TerminalApp;
		};
/* End PBXContainerItemProxy section */

/* Begin PBXCopyFilesBuildPhase section */
		CF0F765DA67B45D8D60A12A3 /* Embed App Extensions */ = {
			isa = PBXCopyFilesBuildPhase;
			buildActionMask = 2147483647;
			dstPath = "";
			dstSubfolderSpec = 13;
			files = (
				6825FC12A70BFE99D16F89C6 /* TerminalActivityWidget.appex in Embed App Extensions */,
			);
			name = "Embed App Extensions";
			runOnlyForDeploymentPostprocessing = 0;
		};
		TA000004000020 /* Embed Frameworks */ = {
			isa = PBXCopyFilesBuildPhase;
			buildActionMask = 2147483647;
			dstPath = "";
			dstSubfolderSpec = 10;
			files = (
				TA000001000025 /* Protobuf_C_.xcframework in Embed Frameworks */,
			);
			name = "Embed Frameworks";
			runOnlyForDeploymentPostprocessing = 0;
		};
/* End PBXCopyFilesBuildPhase section */

/* Begin PBXFileReference section */
		1EBBDD64DEF01DE7BE893218 /* TerminalActivityWidgetBundle.swift */ = {isa = PBXFileReference; includeInIndex = 1; lastKnownFileType = sourcecode.swift; path = TerminalActivityWidgetBundle.swift; sourceTree = "<group>"; };
		31527F8F339EE564516A6469 /* Foundation.framework */ = {isa = PBXFileReference; lastKnownFileType = wrapper.framework; name = Foundation.framework; path = Platforms/iPhoneOS.platform/Developer/SDKs/iPhoneOS18.0.sdk/System/Library/Frameworks/Foundation.framework; sourceTree = DEVELOPER_DIR; };
		66F7E7EC3B72669C07EAC8E5 /* TerminalActivityWidget.appex */ = {isa = PBXFileReference; explicitFileType = "wrapper.app-extension"; includeInIndex = 0; path = TerminalActivityWidget.appex; sourceTree = BUILT_PRODUCTS_DIR; };
		7E8BF6A7EB200358DE15696A /* ActivityKit.framework */ = {isa = PBXFileReference; lastKnownFileType = wrapper.framework; name = ActivityKit.framework; path = System/Library/Frameworks/ActivityKit.framework; sourceTree = SDKROOT; };
		9247D56209B368800F7FC653 /* Info.plist */ = {isa = PBXFileReference; includeInIndex = 1; lastKnownFileType = text.plist.xml; path = Info.plist; sourceTree = "<group>"; };
		A461703FFFE9F7CA49FA67B2 /* ClaudeLiveActivity.swift */ = {isa = PBXFileReference; includeInIndex = 1; lastKnownFileType = sourcecode.swift; path = ClaudeLiveActivity.swift; sourceTree = "<group>"; };
		C8289B7F67CB539C50E6FBC8 /* WidgetKit.framework */ = {isa = PBXFileReference; lastKnownFileType = wrapper.framework; name = WidgetKit.framework; path = System/Library/Frameworks/WidgetKit.framework; sourceTree = SDKROOT; };
		D0C6F4816DF7EF601C5905A6 /* ClaudeActivityAttributes.swift */ = {isa = PBXFileReference; includeInIndex = 1; lastKnownFileType = sourcecode.swift; path = ClaudeActivityAttributes.swift; sourceTree = "<group>"; };
		DA80679288CCEA790686F8CC /* SwiftUI.framework */ = {isa = PBXFileReference; lastKnownFileType = wrapper.framework; name = SwiftUI.framework; path = System/Library/Frameworks/SwiftUI.framework; sourceTree = SDKROOT; };
		TA000002000001 /* TerminalApp.swift */ = {isa = PBXFileReference; lastKnownFileType = sourcecode.swift; path = TerminalApp.swift; sourceTree = "<group>"; };
		TA000002000002 /* TerminalView.swift */ = {isa = PBXFileReference; lastKnownFileType = sourcecode.swift; path = TerminalView.swift; sourceTree = "<group>"; };
		TA000002000003 /* SettingsView.swift */ = {isa = PBXFileReference; lastKnownFileType = sourcecode.swift; path = SettingsView.swift; sourceTree = "<group>"; };
		TA000002000004 /* SSHTerminalService.swift */ = {isa = PBXFileReference; lastKnownFileType = sourcecode.swift; path = SSHTerminalService.swift; sourceTree = "<group>"; };
		TA000002000005 /* Assets.xcassets */ = {isa = PBXFileReference; lastKnownFileType = folder.assetcatalog; path = Assets.xcassets; sourceTree = "<group>"; };
		TA000002000006 /* Info.plist */ = {isa = PBXFileReference; lastKnownFileType = text.plist.xml; path = Info.plist; sourceTree = "<group>"; };
		TA000002000007 /* SessionLogsView.swift */ = {isa = PBXFileReference; lastKnownFileType = sourcecode.swift; path = SessionLogsView.swift; sourceTree = "<group>"; };
		TA000002000020 /* MoshTerminalService.swift */ = {isa = PBXFileReference; lastKnownFileType = sourcecode.swift; path = MoshTerminalService.swift; sourceTree = "<group>"; };
		TA000002000021 /* MoshServerLauncher.swift */ = {isa = PBXFileReference; lastKnownFileType = sourcecode.swift; path = MoshServerLauncher.swift; sourceTree = "<group>"; };
		TA000002000022 /* mosh.xcframework */ = {isa = PBXFileReference; lastKnownFileType = wrapper.xcframework; name = mosh.xcframework; path = Frameworks/mosh.xcframework; sourceTree = SOURCE_ROOT; };
		TA000002000023 /* Protobuf_C_.xcframework */ = {isa = PBXFileReference; lastKnownFileType = wrapper.xcframework; name = Protobuf_C_.xcframework; path = Frameworks/Protobuf_C_.xcframework; sourceTree = SOURCE_ROOT; };
		TA000002000030 /* SplitTerminalView.swift */ = {isa = PBXFileReference; lastKnownFileType = sourcecode.swift; path = SplitTerminalView.swift; sourceTree = "<group>"; };
		TA000002000031 /* SSHCommandRunner.swift */ = {isa = PBXFileReference; lastKnownFileType = sourcecode.swift; path = SSHCommandRunner.swift; sourceTree = "<group>"; };
		TA000002000040 /* TerminalApp.entitlements */ = {isa = PBXFileReference; lastKnownFileType = text.plist.entitlements; path = TerminalApp.entitlements; sourceTree = "<group>"; };
		TA000003000001 /* TerminalApp.app */ = {isa = PBXFileReference; explicitFileType = wrapper.application; includeInIndex = 0; path = TerminalApp.app; sourceTree = BUILT_PRODUCTS_DIR; };
		TAUIT0000000002 /* TerminalAppUITests.swift */ = {isa = PBXFileReference; lastKnownFileType = sourcecode.swift; name = TerminalAppUITests.swift; path = TerminalAppUITests/TerminalAppUITests.swift; sourceTree = SOURCE_ROOT; };
		TAUIT0000000003 /* TerminalAppUITests.xctest */ = {isa = PBXFileReference; explicitFileType = wrapper.cfbundle; includeInIndex = 0; path = TerminalAppUITests.xctest; sourceTree = BUILT_PRODUCTS_DIR; };
/* End PBXFileReference section */

/* Begin PBXFrameworksBuildPhase section */
		F07CF3CE3AD22834A170B5EA /* Frameworks */ = {
			isa = PBXFrameworksBuildPhase;
			buildActionMask = 2147483647;
			files = (
				CF8EA68EAE091B02F13E2767 /* Foundation.framework in Frameworks */,
				2CF18A527B47373806AB9F0B /* ActivityKit.framework in Frameworks */,
				0F49A774898045E1B1179EBE /* WidgetKit.framework in Frameworks */,
				B000B016399FB756EEF492D9 /* SwiftUI.framework in Frameworks */,
			);
			runOnlyForDeploymentPostprocessing = 0;
		};
		TA000004000001 /* Frameworks */ = {
			isa = PBXFrameworksBuildPhase;
			buildActionMask = 2147483647;
			files = (
				TA000001000006 /* TimSharedKit in Frameworks */,
				TA000001000007 /* SwiftTerm in Frameworks */,
				TA000001000008 /* NIOSSH in Frameworks */,
				TA000001000009 /* NIOCore in Frameworks */,
				TA000001000010 /* NIOPosix in Frameworks */,
				TA000001000022 /* mosh.xcframework in Frameworks */,
				TA000001000023 /* Protobuf_C_.xcframework in Frameworks */,
			);
			runOnlyForDeploymentPostprocessing = 0;
		};
		TAUIT0000000006 /* Frameworks */ = {
			isa = PBXFrameworksBuildPhase;
			buildActionMask = 2147483647;
			files = (
			);
			runOnlyForDeploymentPostprocessing = 0;
		};
/* End PBXFrameworksBuildPhase section */

/* Begin PBXGroup section */
		D05DD2512019725FADEB7A30 /* iOS */ = {
			isa = PBXGroup;
			children = (
				31527F8F339EE564516A6469 /* Foundation.framework */,
			);
			name = iOS;
			sourceTree = "<group>";
		};
		E97C037BF29937B84F13567C /* TerminalActivityWidget */ = {
			isa = PBXGroup;
			children = (
				1EBBDD64DEF01DE7BE893218 /* TerminalActivityWidgetBundle.swift */,
				A461703FFFE9F7CA49FA67B2 /* ClaudeLiveActivity.swift */,
				9247D56209B368800F7FC653 /* Info.plist */,
			);
			name = TerminalActivityWidget;
			path = TerminalActivityWidget;
			sourceTree = "<group>";
		};
		TA000005000001 = {
			isa = PBXGroup;
			children = (
				TA000005000002 /* TerminalApp */,
				TA000005000020 /* Frameworks */,
				TA000005000005 /* Products */,
				TAUIT0000000004 /* TerminalAppUITests */,
				E97C037BF29937B84F13567C /* TerminalActivityWidget */,
			);
			sourceTree = "<group>";
		};
		TA000005000002 /* TerminalApp */ = {
			isa = PBXGroup;
			children = (
				TA000002000001 /* TerminalApp.swift */,
				TA000005000003 /* Services */,
				TA000005000004 /* Views */,
				TA000002000005 /* Assets.xcassets */,
				TA000002000006 /* Info.plist */,
				TA000002000040 /* TerminalApp.entitlements */,
				D0C6F4816DF7EF601C5905A6 /* ClaudeActivityAttributes.swift */,
			);
			path = TerminalApp;
			sourceTree = "<group>";
		};
		TA000005000003 /* Services */ = {
			isa = PBXGroup;
			children = (
				TA000002000004 /* SSHTerminalService.swift */,
				TA000002000031 /* SSHCommandRunner.swift */,
				TA000002000020 /* MoshTerminalService.swift */,
				TA000002000021 /* MoshServerLauncher.swift */,
			);
			path = Services;
			sourceTree = "<group>";
		};
		TA000005000004 /* Views */ = {
			isa = PBXGroup;
			children = (
				TA000002000002 /* TerminalView.swift */,
				TA000002000030 /* SplitTerminalView.swift */,
				TA000002000003 /* SettingsView.swift */,
				TA000002000007 /* SessionLogsView.swift */,
			);
			path = Views;
			sourceTree = "<group>";
		};
		TA000005000005 /* Products */ = {
			isa = PBXGroup;
			children = (
				TA000003000001 /* TerminalApp.app */,
				TAUIT0000000003 /* TerminalAppUITests.xctest */,
				66F7E7EC3B72669C07EAC8E5 /* TerminalActivityWidget.appex */,
			);
			name = Products;
			sourceTree = "<group>";
		};
		TA000005000020 /* Frameworks */ = {
			isa = PBXGroup;
			children = (
				TA000002000022 /* mosh.xcframework */,
				TA000002000023 /* Protobuf_C_.xcframework */,
				D05DD2512019725FADEB7A30 /* iOS */,
				7E8BF6A7EB200358DE15696A /* ActivityKit.framework */,
				C8289B7F67CB539C50E6FBC8 /* WidgetKit.framework */,
				DA80679288CCEA790686F8CC /* SwiftUI.framework */,
			);
			name = Frameworks;
			sourceTree = "<group>";
		};
		TAUIT0000000004 /* TerminalAppUITests */ = {
			isa = PBXGroup;
			children = (
				TAUIT0000000002 /* TerminalAppUITests.swift */,
			);
			name = TerminalAppUITests;
			sourceTree = "<group>";
		};
/* End PBXGroup section */

/* Begin PBXNativeTarget section */
		CDFC5E7997D901E0FE421566 /* TerminalActivityWidget */ = {
			isa = PBXNativeTarget;
			buildConfigurationList = 6C845F48AB5D1210E8B24355 /* Build configuration list for PBXNativeTarget "TerminalActivityWidget" */;
			buildPhases = (
				F674B4153C3E58CDA7BF1E7F /* Sources */,
				F07CF3CE3AD22834A170B5EA /* Frameworks */,
				FCA42ABA456B4E49CC45E462 /* Resources */,
			);
			buildRules = (
			);
			dependencies = (
			);
			name = TerminalActivityWidget;
			productName = TerminalActivityWidget;
			productReference = 66F7E7EC3B72669C07EAC8E5 /* TerminalActivityWidget.appex */;
			productType = "com.apple.product-type.app-extension";
		};
		TA000006000001 /* TerminalApp */ = {
			isa = PBXNativeTarget;
			buildConfigurationList = TA000008000003 /* Build configuration list for PBXNativeTarget "TerminalApp" */;
			buildPhases = (
				TA000007000001 /* Sources */,
				TA000004000001 /* Frameworks */,
				TA000004000020 /* Embed Frameworks */,
				TA000007000002 /* Resources */,
				CF0F765DA67B45D8D60A12A3 /* Embed App Extensions */,
			);
			buildRules = (
			);
			dependencies = (
				6F652C9CA99BE109374C622C /* PBXTargetDependency */,
			);
			name = TerminalApp;
			packageProductDependencies = (
				TA00000D000001 /* TimSharedKit */,
				TA00000D000002 /* SwiftTerm */,
				TA00000D000003 /* NIOSSH */,
				TA00000D000004 /* NIOCore */,
				TA00000D000005 /* NIOPosix */,
			);
			productName = TerminalApp;
			productReference = TA000003000001 /* TerminalApp.app */;
			productType = "com.apple.product-type.application";
		};
		TAUIT0000000008 /* TerminalAppUITests */ = {
			isa = PBXNativeTarget;
			buildConfigurationList = TAUIT0000000009 /* Build configuration list for PBXNativeTarget "TerminalAppUITests" */;
			buildPhases = (
				TAUIT0000000005 /* Sources */,
				TAUIT0000000006 /* Frameworks */,
				TAUIT0000000007 /* Resources */,
			);
			buildRules = (
			);
			dependencies = (
				TAUIT0000000012 /* PBXTargetDependency */,
			);
			name = TerminalAppUITests;
			productName = TerminalAppUITests;
			productReference = TAUIT0000000003 /* TerminalAppUITests.xctest */;
			productType = "com.apple.product-type.bundle.ui-testing";
		};
/* End PBXNativeTarget section */

/* Begin PBXProject section */
		TA000009000001 /* Project object */ = {
			isa = PBXProject;
			attributes = {
				BuildIndependentTargetsInParallel = 1;
				LastSwiftUpdateCheck = 1540;
				LastUpgradeCheck = 2630;
				TargetAttributes = {
					TA000006000001 = {
						CreatedOnToolsVersion = 15.4;
					};
					TAUIT0000000008 = {
						CreatedOnToolsVersion = 15.4;
						TestTargetID = TA000006000001;
					};
				};
			};
			buildConfigurationList = TA000008000001 /* Build configuration list for PBXProject "TerminalApp" */;
			compatibilityVersion = "Xcode 14.0";
			developmentRegion = en;
			hasScannedForEncodings = 0;
			knownRegions = (
				en,
				Base,
			);
			mainGroup = TA000005000001;
			packageReferences = (
				TA00000C000001 /* XCLocalSwiftPackageReference "TimSharedKit" */,
				TA00000C000002 /* XCRemoteSwiftPackageReference "SwiftTerm" */,
				TA00000C000003 /* XCRemoteSwiftPackageReference "swift-nio-ssh" */,
				TA00000C000004 /* XCRemoteSwiftPackageReference "swift-nio" */,
			);
			productRefGroup = TA000005000005 /* Products */;
			projectDirPath = "";
			projectRoot = "";
			targets = (
				TA000006000001 /* TerminalApp */,
				TAUIT0000000008 /* TerminalAppUITests */,
				CDFC5E7997D901E0FE421566 /* TerminalActivityWidget */,
			);
		};
/* End PBXProject section */

/* Begin PBXResourcesBuildPhase section */
		FCA42ABA456B4E49CC45E462 /* Resources */ = {
			isa = PBXResourcesBuildPhase;
			buildActionMask = 2147483647;
			files = (
			);
			runOnlyForDeploymentPostprocessing = 0;
		};
		TA000007000002 /* Resources */ = {
			isa = PBXResourcesBuildPhase;
			buildActionMask = 2147483647;
			files = (
				TA000001000005 /* Assets.xcassets in Resources */,
			);
			runOnlyForDeploymentPostprocessing = 0;
		};
		TAUIT0000000007 /* Resources */ = {
			isa = PBXResourcesBuildPhase;
			buildActionMask = 2147483647;
			files = (
			);
			runOnlyForDeploymentPostprocessing = 0;
		};
/* End PBXResourcesBuildPhase section */

/* Begin PBXSourcesBuildPhase section */
		F674B4153C3E58CDA7BF1E7F /* Sources */ = {
			isa = PBXSourcesBuildPhase;
			buildActionMask = 2147483647;
			files = (
				86D4BA124BA3A4D1B7803409 /* TerminalActivityWidgetBundle.swift in Sources */,
				28B52F81184F57291F14047A /* ClaudeLiveActivity.swift in Sources */,
				E8BA45F9A31B49C6B63A75EC /* ClaudeActivityAttributes.swift in Sources */,
			);
			runOnlyForDeploymentPostprocessing = 0;
		};
		TA000007000001 /* Sources */ = {
			isa = PBXSourcesBuildPhase;
			buildActionMask = 2147483647;
			files = (
				TA000001000001 /* TerminalApp.swift in Sources */,
				TA000001000002 /* TerminalView.swift in Sources */,
				TA000001000003 /* SettingsView.swift in Sources */,
				TA000001000011 /* SessionLogsView.swift in Sources */,
				TA000001000004 /* SSHTerminalService.swift in Sources */,
				TA000001000020 /* MoshTerminalService.swift in Sources */,
				TA000001000021 /* MoshServerLauncher.swift in Sources */,
				TA000001000030 /* SplitTerminalView.swift in Sources */,
				TA000001000031 /* SSHCommandRunner.swift in Sources */,
				91DC6CAF41899E2D394847FC /* ClaudeActivityAttributes.swift in Sources */,
			);
			runOnlyForDeploymentPostprocessing = 0;
		};
		TAUIT0000000005 /* Sources */ = {
			isa = PBXSourcesBuildPhase;
			buildActionMask = 2147483647;
			files = (
				TAUIT0000000001 /* TerminalAppUITests.swift in Sources */,
			);
			runOnlyForDeploymentPostprocessing = 0;
		};
/* End PBXSourcesBuildPhase section */

/* Begin PBXTargetDependency section */
		6F652C9CA99BE109374C622C /* PBXTargetDependency */ = {
			isa = PBXTargetDependency;
			name = TerminalActivityWidget;
			target = CDFC5E7997D901E0FE421566 /* TerminalActivityWidget */;
			targetProxy = 61BE5C7726BABF97866FA092 /* PBXContainerItemProxy */;
		};
		TAUIT0000000012 /* PBXTargetDependency */ = {
			isa = PBXTargetDependency;
			target = TA000006000001 /* TerminalApp */;
			targetProxy = TAUIT0000000013 /* PBXContainerItemProxy */;
		};
/* End PBXTargetDependency section */

/* Begin XCBuildConfiguration section */
		424637B8D1C7F2DE930BD4DA /* Release */ = {
			isa = XCBuildConfiguration;
			buildSettings = {
				CLANG_ENABLE_OBJC_WEAK = NO;
				CODE_SIGN_STYLE = Automatic;
				CURRENT_PROJECT_VERSION = 6;
				DEVELOPMENT_TEAM = NNCBP8YD5S;
				ENABLE_PREVIEWS = YES;
				GENERATE_INFOPLIST_FILE = NO;
				INFOPLIST_FILE = TerminalActivityWidget/Info.plist;
				INFOPLIST_KEY_CFBundleDisplayName = TerminalActivityWidget;
				INFOPLIST_KEY_NSHumanReadableCopyright = "";
				IPHONEOS_DEPLOYMENT_TARGET = 17.2;
				LD_RUNPATH_SEARCH_PATHS = (
					"$(inherited)",
					"@executable_path/Frameworks",
					"@executable_path/../../Frameworks",
				);
				MARKETING_VERSION = 1.0;
				PRODUCT_BUNDLE_IDENTIFIER = com.timtrailor.terminal.activitywidget;
				PRODUCT_NAME = "$(TARGET_NAME)";
				SDKROOT = iphoneos;
				SKIP_INSTALL = YES;
				SWIFT_EMIT_LOC_STRINGS = YES;
				SWIFT_VERSION = 5.0;
				TARGETED_DEVICE_FAMILY = "1,2";
				VALIDATE_PRODUCT = YES;
			};
			name = Release;
		};
		E42206D4811BCC04AE83B9C9 /* Debug */ = {
			isa = XCBuildConfiguration;
			buildSettings = {
				CLANG_ENABLE_OBJC_WEAK = NO;
				CODE_SIGN_STYLE = Automatic;
				CURRENT_PROJECT_VERSION = 6;
				DEVELOPMENT_TEAM = NNCBP8YD5S;
				ENABLE_PREVIEWS = YES;
				GENERATE_INFOPLIST_FILE = NO;
				INFOPLIST_FILE = TerminalActivityWidget/Info.plist;
				INFOPLIST_KEY_CFBundleDisplayName = TerminalActivityWidget;
				INFOPLIST_KEY_NSHumanReadableCopyright = "";
				IPHONEOS_DEPLOYMENT_TARGET = 17.2;
				LD_RUNPATH_SEARCH_PATHS = (
					"$(inherited)",
					"@executable_path/Frameworks",
					"@executable_path/../../Frameworks",
				);
				MARKETING_VERSION = 1.0;
				PRODUCT_BUNDLE_IDENTIFIER = com.timtrailor.terminal.activitywidget;
				PRODUCT_NAME = "$(TARGET_NAME)";
				SDKROOT = iphoneos;
				SKIP_INSTALL = YES;
				SWIFT_EMIT_LOC_STRINGS = YES;
				SWIFT_VERSION = 5.0;
				TARGETED_DEVICE_FAMILY = "1,2";
			};
			name = Debug;
		};
		TA00000A000001 /* Debug */ = {
			isa = XCBuildConfiguration;
			buildSettings = {
				ALWAYS_SEARCH_USER_PATHS = NO;
				ASSETCATALOG_COMPILER_GENERATE_SWIFT_ASSET_SYMBOL_EXTENSIONS = YES;
				CLANG_ANALYZER_NONNULL = YES;
				CLANG_ANALYZER_NUMBER_OBJECT_CONVERSION = YES_AGGRESSIVE;
				CLANG_CXX_LANGUAGE_STANDARD = "gnu++20";
				CLANG_ENABLE_MODULES = YES;
				CLANG_ENABLE_OBJC_ARC = YES;
				CLANG_ENABLE_OBJC_WEAK = YES;
				CLANG_WARN_BLOCK_CAPTURE_AUTORELEASING = YES;
				CLANG_WARN_BOOL_CONVERSION = YES;
				CLANG_WARN_COMMA = YES;
				CLANG_WARN_CONSTANT_CONVERSION = YES;
				CLANG_WARN_DEPRECATED_OBJC_IMPLEMENTATIONS = YES;
				CLANG_WARN_DIRECT_OBJC_ISA_USAGE = YES_ERROR;
				CLANG_WARN_DOCUMENTATION_COMMENTS = YES;
				CLANG_WARN_EMPTY_BODY = YES;
				CLANG_WARN_ENUM_CONVERSION = YES;
				CLANG_WARN_INFINITE_RECURSION = YES;
				CLANG_WARN_INT_CONVERSION = YES;
				CLANG_WARN_NON_LITERAL_NULL_CONVERSION = YES;
				CLANG_WARN_OBJC_IMPLICIT_RETAIN_SELF = YES;
				CLANG_WARN_OBJC_LITERAL_CONVERSION = YES;
				CLANG_WARN_OBJC_ROOT_CLASS = YES_ERROR;
				CLANG_WARN_QUOTED_INCLUDE_IN_FRAMEWORK_HEADER = YES;
				CLANG_WARN_RANGE_LOOP_ANALYSIS = YES;
				CLANG_WARN_STRICT_PROTOTYPES = YES;
				CLANG_WARN_SUSPICIOUS_MOVE = YES;
				CLANG_WARN_UNGUARDED_AVAILABILITY = YES_AGGRESSIVE;
				CLANG_WARN_UNREACHABLE_CODE = YES;
				CLANG_WARN__DUPLICATE_METHOD_MATCH = YES;
				COPY_PHASE_STRIP = NO;
				DEBUG_INFORMATION_FORMAT = dwarf;
				DEVELOPMENT_TEAM = NNCBP8YD5S;
				ENABLE_STRICT_OBJC_MSGSEND = YES;
				ENABLE_TESTABILITY = YES;
				ENABLE_USER_SCRIPT_SANDBOXING = YES;
				GCC_C_LANGUAGE_STANDARD = gnu17;
				GCC_DYNAMIC_NO_PIC = NO;
				GCC_NO_COMMON_BLOCKS = YES;
				GCC_OPTIMIZATION_LEVEL = 0;
				GCC_PREPROCESSOR_DEFINITIONS = (
					"DEBUG=1",
					"$(inherited)",
				);
				GCC_WARN_64_TO_32_BIT_CONVERSION = YES;
				GCC_WARN_ABOUT_RETURN_TYPE = YES_ERROR;
				GCC_WARN_UNDECLARED_SELECTOR = YES;
				GCC_WARN_UNINITIALIZED_AUTOS = YES_AGGRESSIVE;
				GCC_WARN_UNUSED_FUNCTION = YES;
				GCC_WARN_UNUSED_VARIABLE = YES;
				IPHONEOS_DEPLOYMENT_TARGET = 17.0;
				LOCALIZATION_PREFERS_STRING_CATALOGS = YES;
				MTL_ENABLE_DEBUG_INFO = INCLUDE_SOURCE;
				MTL_FAST_MATH = YES;
				ONLY_ACTIVE_ARCH = YES;
				SDKROOT = iphoneos;
				STRING_CATALOG_GENERATE_SYMBOLS = YES;
				SWIFT_ACTIVE_COMPILATION_CONDITIONS = "DEBUG $(inherited)";
				SWIFT_OPTIMIZATION_LEVEL = "-Onone";
			};
			name = Debug;
		};
		TA00000A000002 /* Release */ = {
			isa = XCBuildConfiguration;
			buildSettings = {
				ALWAYS_SEARCH_USER_PATHS = NO;
				ASSETCATALOG_COMPILER_GENERATE_SWIFT_ASSET_SYMBOL_EXTENSIONS = YES;
				CLANG_ANALYZER_NONNULL = YES;
				CLANG_ANALYZER_NUMBER_OBJECT_CONVERSION = YES_AGGRESSIVE;
				CLANG_CXX_LANGUAGE_STANDARD = "gnu++20";
				CLANG_ENABLE_MODULES = YES;
				CLANG_ENABLE_OBJC_ARC = YES;
				CLANG_ENABLE_OBJC_WEAK = YES;
				CLANG_WARN_BLOCK_CAPTURE_AUTORELEASING = YES;
				CLANG_WARN_BOOL_CONVERSION = YES;
				CLANG_WARN_COMMA = YES;
				CLANG_WARN_CONSTANT_CONVERSION = YES;
				CLANG_WARN_DEPRECATED_OBJC_IMPLEMENTATIONS = YES;
				CLANG_WARN_DIRECT_OBJC_ISA_USAGE = YES_ERROR;
				CLANG_WARN_DOCUMENTATION_COMMENTS = YES;
				CLANG_WARN_EMPTY_BODY = YES;
				CLANG_WARN_ENUM_CONVERSION = YES;
				CLANG_WARN_INFINITE_RECURSION = YES;
				CLANG_WARN_INT_CONVERSION = YES;
				CLANG_WARN_NON_LITERAL_NULL_CONVERSION = YES;
				CLANG_WARN_OBJC_IMPLICIT_RETAIN_SELF = YES;
				CLANG_WARN_OBJC_LITERAL_CONVERSION = YES;
				CLANG_WARN_OBJC_ROOT_CLASS = YES_ERROR;
				CLANG_WARN_QUOTED_INCLUDE_IN_FRAMEWORK_HEADER = YES;
				CLANG_WARN_RANGE_LOOP_ANALYSIS = YES;
				CLANG_WARN_STRICT_PROTOTYPES = YES;
				CLANG_WARN_SUSPICIOUS_MOVE = YES;
				CLANG_WARN_UNGUARDED_AVAILABILITY = YES_AGGRESSIVE;
				CLANG_WARN_UNREACHABLE_CODE = YES;
				CLANG_WARN__DUPLICATE_METHOD_MATCH = YES;
				COPY_PHASE_STRIP = NO;
				DEBUG_INFORMATION_FORMAT = "dwarf-with-dsym";
				DEVELOPMENT_TEAM = NNCBP8YD5S;
				ENABLE_NS_ASSERTIONS = NO;
				ENABLE_STRICT_OBJC_MSGSEND = YES;
				ENABLE_USER_SCRIPT_SANDBOXING = YES;
				GCC_C_LANGUAGE_STANDARD = gnu17;
				GCC_NO_COMMON_BLOCKS = YES;
				GCC_WARN_64_TO_32_BIT_CONVERSION = YES;
				GCC_WARN_ABOUT_RETURN_TYPE = YES_ERROR;
				GCC_WARN_UNDECLARED_SELECTOR = YES;
				GCC_WARN_UNINITIALIZED_AUTOS = YES_AGGRESSIVE;
				GCC_WARN_UNUSED_FUNCTION = YES;
				GCC_WARN_UNUSED_VARIABLE = YES;
				IPHONEOS_DEPLOYMENT_TARGET = 17.0;
				LOCALIZATION_PREFERS_STRING_CATALOGS = YES;
				MTL_ENABLE_DEBUG_INFO = NO;
				MTL_FAST_MATH = YES;
				SDKROOT = iphoneos;
				STRING_CATALOG_GENERATE_SYMBOLS = YES;
				SWIFT_COMPILATION_MODE = wholemodule;
				VALIDATE_PRODUCT = YES;
			};
			name = Release;
		};
		TA00000A000003 /* Debug */ = {
			isa = XCBuildConfiguration;
			buildSettings = {
				ASSETCATALOG_COMPILER_APPICON_NAME = AppIcon;
				ASSETCATALOG_COMPILER_GLOBAL_ACCENT_COLOR_NAME = AccentColor;
				CODE_SIGN_ENTITLEMENTS = TerminalApp/TerminalApp.entitlements;
				CODE_SIGN_STYLE = Automatic;
				CURRENT_PROJECT_VERSION = 6;
				FRAMEWORK_SEARCH_PATHS = (
					"$(inherited)",
					"$(PROJECT_DIR)/Frameworks",
				);
				GENERATE_INFOPLIST_FILE = YES;
				INFOPLIST_FILE = TerminalApp/Info.plist;
				INFOPLIST_KEY_CFBundleDisplayName = Terminal;
				INFOPLIST_KEY_LSApplicationCategoryType = "public.app-category.developer-tools";
				INFOPLIST_KEY_NSLocalNetworkUsageDescription = "Connect to your Mac Mini via SSH on the local network";
				INFOPLIST_KEY_UIApplicationSceneManifest_Generation = YES;
				INFOPLIST_KEY_UIApplicationSupportsIndirectInputEvents = YES;
				INFOPLIST_KEY_UILaunchScreen_Generation = YES;
				INFOPLIST_KEY_UIStatusBarStyle = UIStatusBarStyleLightContent;
				INFOPLIST_KEY_UISupportedInterfaceOrientations = UIInterfaceOrientationPortrait;
				LD_RUNPATH_SEARCH_PATHS = (
					"$(inherited)",
					"@executable_path/Frameworks",
				);
				MARKETING_VERSION = 1.0;
				OTHER_LDFLAGS = (
					"-lz",
					"-lc++",
				);
				PRODUCT_BUNDLE_IDENTIFIER = com.timtrailor.terminal;
				PRODUCT_NAME = "$(TARGET_NAME)";
				SUPPORTS_MACCATALYST = NO;
				SWIFT_EMIT_LOC_STRINGS = YES;
				SWIFT_VERSION = 5.0;
				TARGETED_DEVICE_FAMILY = 1;
			};
			name = Debug;
		};
		TA00000A000004 /* Release */ = {
			isa = XCBuildConfiguration;
			buildSettings = {
				ASSETCATALOG_COMPILER_APPICON_NAME = AppIcon;
				ASSETCATALOG_COMPILER_GLOBAL_ACCENT_COLOR_NAME = AccentColor;
				CODE_SIGN_ENTITLEMENTS = TerminalApp/TerminalApp.entitlements;
				CODE_SIGN_STYLE = Automatic;
				CURRENT_PROJECT_VERSION = 6;
				FRAMEWORK_SEARCH_PATHS = (
					"$(inherited)",
					"$(PROJECT_DIR)/Frameworks",
				);
				GENERATE_INFOPLIST_FILE = YES;
				INFOPLIST_FILE = TerminalApp/Info.plist;
				INFOPLIST_KEY_CFBundleDisplayName = Terminal;
				INFOPLIST_KEY_LSApplicationCategoryType = "public.app-category.developer-tools";
				INFOPLIST_KEY_NSLocalNetworkUsageDescription = "Connect to your Mac Mini via SSH on the local network";
				INFOPLIST_KEY_UIApplicationSceneManifest_Generation = YES;
				INFOPLIST_KEY_UIApplicationSupportsIndirectInputEvents = YES;
				INFOPLIST_KEY_UILaunchScreen_Generation = YES;
				INFOPLIST_KEY_UIStatusBarStyle = UIStatusBarStyleLightContent;
				INFOPLIST_KEY_UISupportedInterfaceOrientations = UIInterfaceOrientationPortrait;
				LD_RUNPATH_SEARCH_PATHS = (
					"$(inherited)",
					"@executable_path/Frameworks",
				);
				MARKETING_VERSION = 1.0;
				OTHER_LDFLAGS = (
					"-lz",
					"-lc++",
				);
				PRODUCT_BUNDLE_IDENTIFIER = com.timtrailor.terminal;
				PRODUCT_NAME = "$(TARGET_NAME)";
				SUPPORTS_MACCATALYST = NO;
				SWIFT_EMIT_LOC_STRINGS = YES;
				SWIFT_VERSION = 5.0;
				TARGETED_DEVICE_FAMILY = 1;
			};
			name = Release;
		};
		TAUIT0000000010 /* Debug */ = {
			isa = XCBuildConfiguration;
			buildSettings = {
				ALWAYS_EMBED_SWIFT_STANDARD_LIBRARIES = YES;
				CODE_SIGN_STYLE = Automatic;
				DEVELOPMENT_TEAM = NNCBP8YD5S;
				FRAMEWORK_SEARCH_PATHS = (
					"$(inherited)",
					"$(PROJECT_DIR)/Frameworks",
				);
				GENERATE_INFOPLIST_FILE = YES;
				IPHONEOS_DEPLOYMENT_TARGET = 17.0;
				LD_RUNPATH_SEARCH_PATHS = (
					"$(inherited)",
					"@executable_path/Frameworks",
				);
				PRODUCT_BUNDLE_IDENTIFIER = com.timtrailor.terminal.uitests;
				PRODUCT_NAME = "$(TARGET_NAME)";
				SWIFT_VERSION = 5.0;
				TARGETED_DEVICE_FAMILY = "1,2";
				TEST_TARGET_NAME = TerminalApp;
			};
			name = Debug;
		};
		TAUIT0000000011 /* Release */ = {
			isa = XCBuildConfiguration;
			buildSettings = {
				ALWAYS_EMBED_SWIFT_STANDARD_LIBRARIES = YES;
				CODE_SIGN_STYLE = Automatic;
				DEVELOPMENT_TEAM = NNCBP8YD5S;
				FRAMEWORK_SEARCH_PATHS = (
					"$(inherited)",
					"$(PROJECT_DIR)/Frameworks",
				);
				GENERATE_INFOPLIST_FILE = YES;
				IPHONEOS_DEPLOYMENT_TARGET = 17.0;
				LD_RUNPATH_SEARCH_PATHS = (
					"$(inherited)",
					"@executable_path/Frameworks",
				);
				PRODUCT_BUNDLE_IDENTIFIER = com.timtrailor.terminal.uitests;
				PRODUCT_NAME = "$(TARGET_NAME)";
				SWIFT_VERSION = 5.0;
				TARGETED_DEVICE_FAMILY = "1,2";
				TEST_TARGET_NAME = TerminalApp;
			};
			name = Release;
		};
/* End XCBuildConfiguration section */

/* Begin XCConfigurationList section */
		6C845F48AB5D1210E8B24355 /* Build configuration list for PBXNativeTarget "TerminalActivityWidget" */ = {
			isa = XCConfigurationList;
			buildConfigurations = (
				424637B8D1C7F2DE930BD4DA /* Release */,
				E42206D4811BCC04AE83B9C9 /* Debug */,
			);
			defaultConfigurationIsVisible = 0;
			defaultConfigurationName = Release;
		};
		TA000008000001 /* Build configuration list for PBXProject "TerminalApp" */ = {
			isa = XCConfigurationList;
			buildConfigurations = (
				TA00000A000001 /* Debug */,
				TA00000A000002 /* Release */,
			);
			defaultConfigurationIsVisible = 0;
			defaultConfigurationName = Release;
		};
		TA000008000003 /* Build configuration list for PBXNativeTarget "TerminalApp" */ = {
			isa = XCConfigurationList;
			buildConfigurations = (
				TA00000A000003 /* Debug */,
				TA00000A000004 /* Release */,
			);
			defaultConfigurationIsVisible = 0;
			defaultConfigurationName = Release;
		};
		TAUIT0000000009 /* Build configuration list for PBXNativeTarget "TerminalAppUITests" */ = {
			isa = XCConfigurationList;
			buildConfigurations = (
				TAUIT0000000010 /* Debug */,
				TAUIT0000000011 /* Release */,
			);
			defaultConfigurationIsVisible = 0;
			defaultConfigurationName = Release;
		};
/* End XCConfigurationList section */

/* Begin XCLocalSwiftPackageReference section */
		TA00000C000001 /* XCLocalSwiftPackageReference "TimSharedKit" */ = {
			isa = XCLocalSwiftPackageReference;
			relativePath = ../TimSharedKit;
		};
/* End XCLocalSwiftPackageReference section */

/* Begin XCRemoteSwiftPackageReference section */
		TA00000C000002 /* XCRemoteSwiftPackageReference "SwiftTerm" */ = {
			isa = XCRemoteSwiftPackageReference;
			repositoryURL = "https://github.com/migueldeicaza/SwiftTerm.git";
			requirement = {
				kind = upToNextMajorVersion;
				minimumVersion = 1.11.0;
			};
		};
		TA00000C000003 /* XCRemoteSwiftPackageReference "swift-nio-ssh" */ = {
			isa = XCRemoteSwiftPackageReference;
			repositoryURL = "https://github.com/apple/swift-nio-ssh.git";
			requirement = {
				kind = upToNextMajorVersion;
				minimumVersion = 0.3.0;
			};
		};
		TA00000C000004 /* XCRemoteSwiftPackageReference "swift-nio" */ = {
			isa = XCRemoteSwiftPackageReference;
			repositoryURL = "https://github.com/apple/swift-nio.git";
			requirement = {
				kind = upToNextMajorVersion;
				minimumVersion = 2.60.0;
			};
		};
/* End XCRemoteSwiftPackageReference section */

/* Begin XCSwiftPackageProductDependency section */
		TA00000D000001 /* TimSharedKit */ = {
			isa = XCSwiftPackageProductDependency;
			productName = TimSharedKit;
		};
		TA00000D000002 /* SwiftTerm */ = {
			isa = XCSwiftPackageProductDependency;
			package = TA00000C000002 /* XCRemoteSwiftPackageReference "SwiftTerm" */;
			productName = SwiftTerm;
		};
		TA00000D000003 /* NIOSSH */ = {
			isa = XCSwiftPackageProductDependency;
			package = TA00000C000003 /* XCRemoteSwiftPackageReference "swift-nio-ssh" */;
			productName = NIOSSH;
		};
		TA00000D000004 /* NIOCore */ = {
			isa = XCSwiftPackageProductDependency;
			package = TA00000C000004 /* XCRemoteSwiftPackageReference "swift-nio" */;
			productName = NIOCore;
		};
		TA00000D000005 /* NIOPosix */ = {
			isa = XCSwiftPackageProductDependency;
			package = TA00000C000004 /* XCRemoteSwiftPackageReference "swift-nio" */;
			productName = NIOPosix;
		};
/* End XCSwiftPackageProductDependency section */
	};
	rootObject = TA000009000001 /* Project object */;
}
