// !$*UTF8*$!
{
	archiveVersion = 1;
	classes = {
	};
	objectVersion = 56;
	objects = {

/* Begin PBXBuildFile section */
		TA000001000001 /* TerminalApp.swift in Sources */ = {isa = PBXBuildFile; fileRef = TA000002000001 /* TerminalApp.swift */; };
		TA000001000002 /* TerminalView.swift in Sources */ = {isa = PBXBuildFile; fileRef = TA000002000002 /* TerminalView.swift */; };
		TA000001000003 /* SettingsView.swift in Sources */ = {isa = PBXBuildFile; fileRef = TA000002000003 /* SettingsView.swift */; };
		TA000001000004 /* SSHTerminalService.swift in Sources */ = {isa = PBXBuildFile; fileRef = TA000002000004 /* SSHTerminalService.swift */; };
		TA000001000011 /* SessionLogsView.swift in Sources */ = {isa = PBXBuildFile; fileRef = TA000002000007 /* SessionLogsView.swift */; };
		TA000001000005 /* Assets.xcassets in Resources */ = {isa = PBXBuildFile; fileRef = TA000002000005 /* Assets.xcassets */; };
		TA000001000006 /* TimSharedKit in Frameworks */ = {isa = PBXBuildFile; productRef = TA00000D000001 /* TimSharedKit */; };
		TA000001000007 /* SwiftTerm in Frameworks */ = {isa = PBXBuildFile; productRef = TA00000D000002 /* SwiftTerm */; };
		TA000001000008 /* NIOSSH in Frameworks */ = {isa = PBXBuildFile; productRef = TA00000D000003 /* NIOSSH */; };
		TA000001000009 /* NIOCore in Frameworks */ = {isa = PBXBuildFile; productRef = TA00000D000004 /* NIOCore */; };
		TA000001000010 /* NIOPosix in Frameworks */ = {isa = PBXBuildFile; productRef = TA00000D000005 /* NIOPosix */; };
		TAUIT0000000001 /* TerminalAppUITests.swift in Sources */ = {isa = PBXBuildFile; fileRef = TAUIT0000000002 /* TerminalAppUITests.swift */; };
/* End PBXBuildFile section */

/* Begin PBXFileReference section */
		TA000002000001 /* TerminalApp.swift */ = {isa = PBXFileReference; lastKnownFileType = sourcecode.swift; path = TerminalApp.swift; sourceTree = "<group>"; };
		TA000002000002 /* TerminalView.swift */ = {isa = PBXFileReference; lastKnownFileType = sourcecode.swift; path = TerminalView.swift; sourceTree = "<group>"; };
		TA000002000003 /* SettingsView.swift */ = {isa = PBXFileReference; lastKnownFileType = sourcecode.swift; path = SettingsView.swift; sourceTree = "<group>"; };
		TA000002000004 /* SSHTerminalService.swift */ = {isa = PBXFileReference; lastKnownFileType = sourcecode.swift; path = SSHTerminalService.swift; sourceTree = "<group>"; };
		TA000002000007 /* SessionLogsView.swift */ = {isa = PBXFileReference; lastKnownFileType = sourcecode.swift; path = SessionLogsView.swift; sourceTree = "<group>"; };
		TA000002000005 /* Assets.xcassets */ = {isa = PBXFileReference; lastKnownFileType = folder.assetcatalog; path = Assets.xcassets; sourceTree = "<group>"; };
		TA000002000006 /* Info.plist */ = {isa = PBXFileReference; lastKnownFileType = text.plist.xml; path = Info.plist; sourceTree = "<group>"; };
		TA000003000001 /* TerminalApp.app */ = {isa = PBXFileReference; explicitFileType = wrapper.application; includeInIndex = 0; path = TerminalApp.app; sourceTree = BUILT_PRODUCTS_DIR; };
		TAUIT0000000002 /* TerminalAppUITests.swift */ = {isa = PBXFileReference; lastKnownFileType = sourcecode.swift; name = TerminalAppUITests.swift; path = TerminalAppUITests/TerminalAppUITests.swift; sourceTree = SOURCE_ROOT; };
		TAUIT0000000003 /* TerminalAppUITests.xctest */ = {isa = PBXFileReference; explicitFileType = wrapper.cfbundle; includeInIndex = 0; path = TerminalAppUITests.xctest; sourceTree = BUILT_PRODUCTS_DIR; };
/* End PBXFileReference section */

/* Begin PBXFrameworksBuildPhase section */
		TA000004000001 /* Frameworks */ = {
			isa = PBXFrameworksBuildPhase;
			buildActionMask = 2147483647;
			files = (
				TA000001000006 /* TimSharedKit in Frameworks */,
				TA000001000007 /* SwiftTerm in Frameworks */,
				TA000001000008 /* NIOSSH in Frameworks */,
				TA000001000009 /* NIOCore in Frameworks */,
				TA000001000010 /* NIOPosix in Frameworks */,
			);
			runOnlyForDeploymentPostprocessing = 0;
		};
/* End PBXFrameworksBuildPhase section */
		TAUIT0000000005 /* Sources */ = {
			isa = PBXSourcesBuildPhase;
			buildActionMask = 2147483647;
			files = (
				TAUIT0000000001 /* TerminalAppUITests.swift in Sources */,
			);
			runOnlyForDeploymentPostprocessing = 0;
		};
		TAUIT0000000006 /* Frameworks */ = {
			isa = PBXFrameworksBuildPhase;
			buildActionMask = 2147483647;
			files = (
			);
			runOnlyForDeploymentPostprocessing = 0;
		};
		TAUIT0000000007 /* Resources */ = {
			isa = PBXResourcesBuildPhase;
			buildActionMask = 2147483647;
			files = (
			);
			runOnlyForDeploymentPostprocessing = 0;
		};


/* Begin PBXGroup section */
		TA000005000001 = {
			isa = PBXGroup;
			children = (
				TA000005000002 /* TerminalApp */,
				TA000005000005 /* Products */,
							TAUIT0000000004 /* TerminalAppUITests */,
			);
			sourceTree = "<group>";
		};
		TA000005000002 /* TerminalApp */ = {
			isa = PBXGroup;
			children = (
				TA000002000001 /* TerminalApp.swift */,
				TA000005000003 /* Services */,
				TA000005000004 /* Views */,
				TA000002000005 /* Assets.xcassets */,
				TA000002000006 /* Info.plist */,
			);
			path = TerminalApp;
			sourceTree = "<group>";
		};
		TA000005000003 /* Services */ = {
			isa = PBXGroup;
			children = (
				TA000002000004 /* SSHTerminalService.swift */,
			);
			path = Services;
			sourceTree = "<group>";
		};
		TA000005000004 /* Views */ = {
			isa = PBXGroup;
			children = (
				TA000002000002 /* TerminalView.swift */,
				TA000002000003 /* SettingsView.swift */,
				TA000002000007 /* SessionLogsView.swift */,
			);
			path = Views;
			sourceTree = "<group>";
		};
		TA000005000005 /* Products */ = {
			isa = PBXGroup;
			children = (
				TA000003000001 /* TerminalApp.app */,
							TAUIT0000000003 /* TerminalAppUITests.xctest */,
			);
			name = Products;
			sourceTree = "<group>";
		};
		TAUIT0000000004 /* TerminalAppUITests */ = {
			isa = PBXGroup;
			children = (
				TAUIT0000000002 /* TerminalAppUITests.swift */,
			);
			name = TerminalAppUITests;
			sourceTree = "<group>";
		};
/* End PBXGroup section */

/* Begin PBXTargetDependency section */
		TAUIT0000000012 /* PBXTargetDependency */ = {
			isa = PBXTargetDependency;
			target = TA000006000001 /* TerminalApp */;
			targetProxy = TAUIT0000000013 /* PBXContainerItemProxy */;
		};
/* End PBXTargetDependency section */

/* Begin PBXNativeTarget section */
		TA000006000001 /* TerminalApp */ = {
			isa = PBXNativeTarget;
			buildConfigurationList = TA000008000003 /* Build configuration list for PBXNativeTarget "TerminalApp" */;
			buildPhases = (
				TA000007000001 /* Sources */,
				TA000004000001 /* Frameworks */,
				TA000007000002 /* Resources */,
			);
			buildRules = (
			);
			dependencies = (
			);
			name = TerminalApp;
			packageProductDependencies = (
				TA00000D000001 /* TimSharedKit */,
				TA00000D000002 /* SwiftTerm */,
				TA00000D000003 /* NIOSSH */,
				TA00000D000004 /* NIOCore */,
				TA00000D000005 /* NIOPosix */,
			);
			productName = TerminalApp;
			productReference = TA000003000001 /* TerminalApp.app */;
			productType = "com.apple.product-type.application";
		};
		TAUIT0000000008 /* TerminalAppUITests */ = {
			isa = PBXNativeTarget;
			buildConfigurationList = TAUIT0000000009 /* Build configuration list for PBXNativeTarget "TerminalAppUITests" */;
			buildPhases = (
				TAUIT0000000005 /* Sources */,
				TAUIT0000000006 /* Frameworks */,
				TAUIT0000000007 /* Resources */,
			);
			buildRules = (
			);
			dependencies = (
				TAUIT0000000012 /* PBXTargetDependency */,
			);
			name = TerminalAppUITests;
			productName = TerminalAppUITests;
			productReference = TAUIT0000000003 /* TerminalAppUITests.xctest */;
			productType = "com.apple.product-type.bundle.ui-testing";
		};
/* End PBXNativeTarget section */

/* Begin PBXContainerItemProxy section */
		TAUIT0000000013 /* PBXContainerItemProxy */ = {
			isa = PBXContainerItemProxy;
			containerPortal = TA000009000001 /* Project object */;
			proxyType = 1;
			remoteGlobalIDString = TA000006000001;
			remoteInfo = TerminalApp;
		};
/* End PBXContainerItemProxy section */

/* Begin PBXProject section */
		TA000009000001 /* Project object */ = {
			isa = PBXProject;
			attributes = {
				BuildIndependentTargetsInParallel = 1;
				LastSwiftUpdateCheck = 1540;
				LastUpgradeCheck = 2630;
				TargetAttributes = {
					TAUIT0000000008 = {
						CreatedOnToolsVersion = 15.4;
						TestTargetID = TA000006000001;
					};
					TA000006000001 = {
						CreatedOnToolsVersion = 15.4;
					};
				};
			};
			buildConfigurationList = TA000008000001 /* Build configuration list for PBXProject "TerminalApp" */;
			compatibilityVersion = "Xcode 14.0";
			developmentRegion = en;
			hasScannedForEncodings = 0;
			knownRegions = (
				en,
				Base,
			);
			mainGroup = TA000005000001;
			packageReferences = (
				TA00000C000001 /* XCLocalSwiftPackageReference "TimSharedKit" */,
				TA00000C000002 /* XCRemoteSwiftPackageReference "SwiftTerm" */,
				TA00000C000003 /* XCRemoteSwiftPackageReference "swift-nio-ssh" */,
				TA00000C000004 /* XCRemoteSwiftPackageReference "swift-nio" */,
			);
			productRefGroup = TA000005000005 /* Products */;
			projectDirPath = "";
			projectRoot = "";
			targets = (
				TA000006000001 /* TerminalApp */,
				TAUIT0000000008 /* TerminalAppUITests */,
			);
		};
/* End PBXProject section */

/* Begin PBXResourcesBuildPhase section */
		TA000007000002 /* Resources */ = {
			isa = PBXResourcesBuildPhase;
			buildActionMask = 2147483647;
			files = (
				TA000001000005 /* Assets.xcassets in Resources */,
			);
			runOnlyForDeploymentPostprocessing = 0;
		};
/* End PBXResourcesBuildPhase section */

/* Begin PBXSourcesBuildPhase section */
		TA000007000001 /* Sources */ = {
			isa = PBXSourcesBuildPhase;
			buildActionMask = 2147483647;
			files = (
				TA000001000001 /* TerminalApp.swift in Sources */,
				TA000001000002 /* TerminalView.swift in Sources */,
				TA000001000003 /* SettingsView.swift in Sources */,
				TA000001000011 /* SessionLogsView.swift in Sources */,
				TA000001000004 /* SSHTerminalService.swift in Sources */,
			);
			runOnlyForDeploymentPostprocessing = 0;
		};
/* End PBXSourcesBuildPhase section */

/* Begin XCBuildConfiguration section */
		TA00000A000001 /* Debug */ = {
			isa = XCBuildConfiguration;
			buildSettings = {
				ALWAYS_SEARCH_USER_PATHS = NO;
				ASSETCATALOG_COMPILER_GENERATE_SWIFT_ASSET_SYMBOL_EXTENSIONS = YES;
				CLANG_ANALYZER_NONNULL = YES;
				CLANG_ANALYZER_NUMBER_OBJECT_CONVERSION = YES_AGGRESSIVE;
				CLANG_CXX_LANGUAGE_STANDARD = "gnu++20";
				CLANG_ENABLE_MODULES = YES;
				CLANG_ENABLE_OBJC_ARC = YES;
				CLANG_ENABLE_OBJC_WEAK = YES;
				CLANG_WARN_BLOCK_CAPTURE_AUTORELEASING = YES;
				CLANG_WARN_BOOL_CONVERSION = YES;
				CLANG_WARN_COMMA = YES;
				CLANG_WARN_CONSTANT_CONVERSION = YES;
				CLANG_WARN_DEPRECATED_OBJC_IMPLEMENTATIONS = YES;
				CLANG_WARN_DIRECT_OBJC_ISA_USAGE = YES_ERROR;
				CLANG_WARN_DOCUMENTATION_COMMENTS = YES;
				CLANG_WARN_EMPTY_BODY = YES;
				CLANG_WARN_ENUM_CONVERSION = YES;
				CLANG_WARN_INFINITE_RECURSION = YES;
				CLANG_WARN_INT_CONVERSION = YES;
				CLANG_WARN_NON_LITERAL_NULL_CONVERSION = YES;
				CLANG_WARN_OBJC_IMPLICIT_RETAIN_SELF = YES;
				CLANG_WARN_OBJC_LITERAL_CONVERSION = YES;
				CLANG_WARN_OBJC_ROOT_CLASS = YES_ERROR;
				CLANG_WARN_QUOTED_INCLUDE_IN_FRAMEWORK_HEADER = YES;
				CLANG_WARN_RANGE_LOOP_ANALYSIS = YES;
				CLANG_WARN_STRICT_PROTOTYPES = YES;
				CLANG_WARN_SUSPICIOUS_MOVE = YES;
				CLANG_WARN_UNGUARDED_AVAILABILITY = YES_AGGRESSIVE;
				CLANG_WARN_UNREACHABLE_CODE = YES;
				CLANG_WARN__DUPLICATE_METHOD_MATCH = YES;
				COPY_PHASE_STRIP = NO;
				DEBUG_INFORMATION_FORMAT = dwarf;
				DEVELOPMENT_TEAM = NNCBP8YD5S;
				ENABLE_STRICT_OBJC_MSGSEND = YES;
				ENABLE_TESTABILITY = YES;
				ENABLE_USER_SCRIPT_SANDBOXING = YES;
				GCC_C_LANGUAGE_STANDARD = gnu17;
				GCC_DYNAMIC_NO_PIC = NO;
				GCC_NO_COMMON_BLOCKS = YES;
				GCC_OPTIMIZATION_LEVEL = 0;
				GCC_PREPROCESSOR_DEFINITIONS = (
					"DEBUG=1",
					"$(inherited)",
				);
				GCC_WARN_64_TO_32_BIT_CONVERSION = YES;
				GCC_WARN_ABOUT_RETURN_TYPE = YES_ERROR;
				GCC_WARN_UNDECLARED_SELECTOR = YES;
				GCC_WARN_UNINITIALIZED_AUTOS = YES_AGGRESSIVE;
				GCC_WARN_UNUSED_FUNCTION = YES;
				GCC_WARN_UNUSED_VARIABLE = YES;
				IPHONEOS_DEPLOYMENT_TARGET = 17.0;
				LOCALIZATION_PREFERS_STRING_CATALOGS = YES;
				MTL_ENABLE_DEBUG_INFO = INCLUDE_SOURCE;
				MTL_FAST_MATH = YES;
				ONLY_ACTIVE_ARCH = YES;
				SDKROOT = iphoneos;
				STRING_CATALOG_GENERATE_SYMBOLS = YES;
				SWIFT_ACTIVE_COMPILATION_CONDITIONS = "DEBUG $(inherited)";
				SWIFT_OPTIMIZATION_LEVEL = "-Onone";
			};
			name = Debug;
		};
		TA00000A000002 /* Release */ = {
			isa = XCBuildConfiguration;
			buildSettings = {
				ALWAYS_SEARCH_USER_PATHS = NO;
				ASSETCATALOG_COMPILER_GENERATE_SWIFT_ASSET_SYMBOL_EXTENSIONS = YES;
				CLANG_ANALYZER_NONNULL = YES;
				CLANG_ANALYZER_NUMBER_OBJECT_CONVERSION = YES_AGGRESSIVE;
				CLANG_CXX_LANGUAGE_STANDARD = "gnu++20";
				CLANG_ENABLE_MODULES = YES;
				CLANG_ENABLE_OBJC_ARC = YES;
				CLANG_ENABLE_OBJC_WEAK = YES;
				CLANG_WARN_BLOCK_CAPTURE_AUTORELEASING = YES;
				CLANG_WARN_BOOL_CONVERSION = YES;
				CLANG_WARN_COMMA = YES;
				CLANG_WARN_CONSTANT_CONVERSION = YES;
				CLANG_WARN_DEPRECATED_OBJC_IMPLEMENTATIONS = YES;
				CLANG_WARN_DIRECT_OBJC_ISA_USAGE = YES_ERROR;
				CLANG_WARN_DOCUMENTATION_COMMENTS = YES;
				CLANG_WARN_EMPTY_BODY = YES;
				CLANG_WARN_ENUM_CONVERSION = YES;
				CLANG_WARN_INFINITE_RECURSION = YES;
				CLANG_WARN_INT_CONVERSION = YES;
				CLANG_WARN_NON_LITERAL_NULL_CONVERSION = YES;
				CLANG_WARN_OBJC_IMPLICIT_RETAIN_SELF = YES;
				CLANG_WARN_OBJC_LITERAL_CONVERSION = YES;
				CLANG_WARN_OBJC_ROOT_CLASS = YES_ERROR;
				CLANG_WARN_QUOTED_INCLUDE_IN_FRAMEWORK_HEADER = YES;
				CLANG_WARN_RANGE_LOOP_ANALYSIS = YES;
				CLANG_WARN_STRICT_PROTOTYPES = YES;
				CLANG_WARN_SUSPICIOUS_MOVE = YES;
				CLANG_WARN_UNGUARDED_AVAILABILITY = YES_AGGRESSIVE;
				CLANG_WARN_UNREACHABLE_CODE = YES;
				CLANG_WARN__DUPLICATE_METHOD_MATCH = YES;
				COPY_PHASE_STRIP = NO;
				DEBUG_INFORMATION_FORMAT = "dwarf-with-dsym";
				DEVELOPMENT_TEAM = NNCBP8YD5S;
				ENABLE_NS_ASSERTIONS = NO;
				ENABLE_STRICT_OBJC_MSGSEND = YES;
				ENABLE_USER_SCRIPT_SANDBOXING = YES;
				GCC_C_LANGUAGE_STANDARD = gnu17;
				GCC_NO_COMMON_BLOCKS = YES;
				GCC_WARN_64_TO_32_BIT_CONVERSION = YES;
				GCC_WARN_ABOUT_RETURN_TYPE = YES_ERROR;
				GCC_WARN_UNDECLARED_SELECTOR = YES;
				GCC_WARN_UNINITIALIZED_AUTOS = YES_AGGRESSIVE;
				GCC_WARN_UNUSED_FUNCTION = YES;
				GCC_WARN_UNUSED_VARIABLE = YES;
				IPHONEOS_DEPLOYMENT_TARGET = 17.0;
				LOCALIZATION_PREFERS_STRING_CATALOGS = YES;
				MTL_ENABLE_DEBUG_INFO = NO;
				MTL_FAST_MATH = YES;
				SDKROOT = iphoneos;
				STRING_CATALOG_GENERATE_SYMBOLS = YES;
				SWIFT_COMPILATION_MODE = wholemodule;
				VALIDATE_PRODUCT = YES;
			};
			name = Release;
		};
		TA00000A000003 /* Debug */ = {
			isa = XCBuildConfiguration;
			buildSettings = {
				ASSETCATALOG_COMPILER_APPICON_NAME = AppIcon;
				ASSETCATALOG_COMPILER_GLOBAL_ACCENT_COLOR_NAME = AccentColor;
				CODE_SIGN_STYLE = Automatic;
				CURRENT_PROJECT_VERSION = 1;
				GENERATE_INFOPLIST_FILE = YES;
				INFOPLIST_FILE = TerminalApp/Info.plist;
				INFOPLIST_KEY_CFBundleDisplayName = Terminal;
				INFOPLIST_KEY_LSApplicationCategoryType = "public.app-category.developer-tools";
				INFOPLIST_KEY_NSLocalNetworkUsageDescription = "Connect to your Mac Mini via SSH on the local network";
				INFOPLIST_KEY_UIApplicationSceneManifest_Generation = YES;
				INFOPLIST_KEY_UIApplicationSupportsIndirectInputEvents = YES;
				INFOPLIST_KEY_UILaunchScreen_Generation = YES;
				INFOPLIST_KEY_UIStatusBarStyle = UIStatusBarStyleLightContent;
				INFOPLIST_KEY_UISupportedInterfaceOrientations = UIInterfaceOrientationPortrait;
				MARKETING_VERSION = 1.0;
				PRODUCT_BUNDLE_IDENTIFIER = com.timtrailor.terminal;
				PRODUCT_NAME = "$(TARGET_NAME)";
				SUPPORTS_MACCATALYST = NO;
				SWIFT_EMIT_LOC_STRINGS = YES;
				SWIFT_VERSION = 5.0;
				TARGETED_DEVICE_FAMILY = 1;
			};
			name = Debug;
		};
		TA00000A000004 /* Release */ = {
			isa = XCBuildConfiguration;
			buildSettings = {
				ASSETCATALOG_COMPILER_APPICON_NAME = AppIcon;
				ASSETCATALOG_COMPILER_GLOBAL_ACCENT_COLOR_NAME = AccentColor;
				CODE_SIGN_STYLE = Automatic;
				CURRENT_PROJECT_VERSION = 1;
				GENERATE_INFOPLIST_FILE = YES;
				INFOPLIST_FILE = TerminalApp/Info.plist;
				INFOPLIST_KEY_CFBundleDisplayName = Terminal;
				INFOPLIST_KEY_LSApplicationCategoryType = "public.app-category.developer-tools";
				INFOPLIST_KEY_NSLocalNetworkUsageDescription = "Connect to your Mac Mini via SSH on the local network";
				INFOPLIST_KEY_UIApplicationSceneManifest_Generation = YES;
				INFOPLIST_KEY_UIApplicationSupportsIndirectInputEvents = YES;
				INFOPLIST_KEY_UILaunchScreen_Generation = YES;
				INFOPLIST_KEY_UIStatusBarStyle = UIStatusBarStyleLightContent;
				INFOPLIST_KEY_UISupportedInterfaceOrientations = UIInterfaceOrientationPortrait;
				MARKETING_VERSION = 1.0;
				PRODUCT_BUNDLE_IDENTIFIER = com.timtrailor.terminal;
				PRODUCT_NAME = "$(TARGET_NAME)";
				SUPPORTS_MACCATALYST = NO;
				SWIFT_EMIT_LOC_STRINGS = YES;
				SWIFT_VERSION = 5.0;
				TARGETED_DEVICE_FAMILY = 1;
			};
			name = Release;
		};
		TAUIT0000000010 /* Debug */ = {
			isa = XCBuildConfiguration;
			buildSettings = {
				ALWAYS_EMBED_SWIFT_STANDARD_LIBRARIES = YES;
				CODE_SIGN_STYLE = Automatic;
				DEVELOPMENT_TEAM = NNCBP8YD5S;
				IPHONEOS_DEPLOYMENT_TARGET = 17.0;
				PRODUCT_BUNDLE_IDENTIFIER = "com.timtrailor.terminal.uitests";
				PRODUCT_NAME = "$(TARGET_NAME)";
				SWIFT_VERSION = 5.0;
				TARGETED_DEVICE_FAMILY = "1,2";
				TEST_TARGET_NAME = TerminalApp;
							GENERATE_INFOPLIST_FILE = YES;
			};
			name = Debug;
		};
		TAUIT0000000011 /* Release */ = {
			isa = XCBuildConfiguration;
			buildSettings = {
				ALWAYS_EMBED_SWIFT_STANDARD_LIBRARIES = YES;
				CODE_SIGN_STYLE = Automatic;
				DEVELOPMENT_TEAM = NNCBP8YD5S;
				IPHONEOS_DEPLOYMENT_TARGET = 17.0;
				PRODUCT_BUNDLE_IDENTIFIER = "com.timtrailor.terminal.uitests";
				PRODUCT_NAME = "$(TARGET_NAME)";
				SWIFT_VERSION = 5.0;
				TARGETED_DEVICE_FAMILY = "1,2";
				TEST_TARGET_NAME = TerminalApp;
							GENERATE_INFOPLIST_FILE = YES;
			};
			name = Release;
		};
/* End XCBuildConfiguration section */

/* Begin XCConfigurationList section */
		TA000008000001 /* Build configuration list for PBXProject "TerminalApp" */ = {
			isa = XCConfigurationList;
			buildConfigurations = (
				TA00000A000001 /* Debug */,
				TA00000A000002 /* Release */,
			);
			defaultConfigurationIsVisible = 0;
			defaultConfigurationName = Release;
		};
		TA000008000003 /* Build configuration list for PBXNativeTarget "TerminalApp" */ = {
			isa = XCConfigurationList;
			buildConfigurations = (
				TA00000A000003 /* Debug */,
				TA00000A000004 /* Release */,
			);
			defaultConfigurationIsVisible = 0;
			defaultConfigurationName = Release;
		};
		TAUIT0000000009 /* Build configuration list for PBXNativeTarget "TerminalAppUITests" */ = {
			isa = XCConfigurationList;
			buildConfigurations = (
				TAUIT0000000010 /* Debug */,
				TAUIT0000000011 /* Release */,
			);
			defaultConfigurationIsVisible = 0;
			defaultConfigurationName = Release;
		};
/* End XCConfigurationList section */

/* Begin XCLocalSwiftPackageReference section */
		TA00000C000001 /* XCLocalSwiftPackageReference "TimSharedKit" */ = {
			isa = XCLocalSwiftPackageReference;
			relativePath = ../TimSharedKit;
		};
/* End XCLocalSwiftPackageReference section */

/* Begin XCRemoteSwiftPackageReference section */
		TA00000C000002 /* XCRemoteSwiftPackageReference "SwiftTerm" */ = {
			isa = XCRemoteSwiftPackageReference;
			repositoryURL = "https://github.com/migueldeicaza/SwiftTerm.git";
			requirement = {
				kind = upToNextMajorVersion;
				minimumVersion = 1.11.0;
			};
		};
		TA00000C000003 /* XCRemoteSwiftPackageReference "swift-nio-ssh" */ = {
			isa = XCRemoteSwiftPackageReference;
			repositoryURL = "https://github.com/apple/swift-nio-ssh.git";
			requirement = {
				kind = upToNextMajorVersion;
				minimumVersion = 0.3.0;
			};
		};
		TA00000C000004 /* XCRemoteSwiftPackageReference "swift-nio" */ = {
			isa = XCRemoteSwiftPackageReference;
			repositoryURL = "https://github.com/apple/swift-nio.git";
			requirement = {
				kind = upToNextMajorVersion;
				minimumVersion = 2.60.0;
			};
		};
/* End XCRemoteSwiftPackageReference section */

/* Begin XCSwiftPackageProductDependency section */
		TA00000D000001 /* TimSharedKit */ = {
			isa = XCSwiftPackageProductDependency;
			productName = TimSharedKit;
		};
		TA00000D000002 /* SwiftTerm */ = {
			isa = XCSwiftPackageProductDependency;
			package = TA00000C000002 /* XCRemoteSwiftPackageReference "SwiftTerm" */;
			productName = SwiftTerm;
		};
		TA00000D000003 /* NIOSSH */ = {
			isa = XCSwiftPackageProductDependency;
			package = TA00000C000003 /* XCRemoteSwiftPackageReference "swift-nio-ssh" */;
			productName = NIOSSH;
		};
		TA00000D000004 /* NIOCore */ = {
			isa = XCSwiftPackageProductDependency;
			package = TA00000C000004 /* XCRemoteSwiftPackageReference "swift-nio" */;
			productName = NIOCore;
		};
		TA00000D000005 /* NIOPosix */ = {
			isa = XCSwiftPackageProductDependency;
			package = TA00000C000004 /* XCRemoteSwiftPackageReference "swift-nio" */;
			productName = NIOPosix;
		};
/* End XCSwiftPackageProductDependency section */
	};
	rootObject = TA000009000001 /* Project object */;
}
